PODS:
  - MTZExpirationDatePicker (1.0.1)
  - MTZTableViewManager (1.0.1):
    - MTZExpirationDatePicker (~> 1.0.1)

DEPENDENCIES:
  - MTZTableViewManager (from `../`)

EXTERNAL SOURCES:
  MTZTableViewManager:
    :path: ../

SPEC CHECKSUMS:
  MTZExpirationDatePicker: 0ccde6d751565f26d1a7cf6455c9acc5beaefbe2
  MTZTableViewManager: 9fde3def898271d290e9c3696839a5939e85f269

PODFILE CHECKSUM: b2aac608634bfc1de4505c46dc3dc788b6092e91

COCOAPODS: 1.3.1
