// !$*UTF8*$!
{
	archiveVersion = 1;
	classes = {
	};
	objectVersion = 48;
	objects = {

/* Begin PBXBuildFile section */
		210AA6F91F362D4300AE9C05 /* MTZInputAccessoryViewHandling.h in Headers */ = {isa = PBXBuildFile; fileRef = 210AA6F81F362D4300AE9C05 /* MTZInputAccessoryViewHandling.h */; };
		210AA6FD1F3633F100AE9C05 /* UIResponder+FirstResponder.h in Headers */ = {isa = PBXBuildFile; fileRef = 210AA6FB1F3633F100AE9C05 /* UIResponder+FirstResponder.h */; };
		210AA6FE1F3633F100AE9C05 /* UIResponder+FirstResponder.m in Sources */ = {isa = PBXBuildFile; fileRef = 210AA6FC1F3633F100AE9C05 /* UIResponder+FirstResponder.m */; };
		210AA7011F36383000AE9C05 /* MTZTableManagerUtils.h in Headers */ = {isa = PBXBuildFile; fileRef = 210AA7001F36383000AE9C05 /* MTZTableManagerUtils.h */; };
		211F25121F311DA900B146C7 /* MTZFormValidatable.h in Headers */ = {isa = PBXBuildFile; fileRef = 211F25111F311DA900B146C7 /* MTZFormValidatable.h */; };
		211F25151F311FAC00B146C7 /* MTZFormValidator.h in Headers */ = {isa = PBXBuildFile; fileRef = 211F25131F311FAC00B146C7 /* MTZFormValidator.h */; settings = {ATTRIBUTES = (Public, ); }; };
		211F25161F311FAC00B146C7 /* MTZFormValidator.m in Sources */ = {isa = PBXBuildFile; fileRef = 211F25141F311FAC00B146C7 /* MTZFormValidator.m */; };
		21326DC71F33B8D800AD5427 /* MTZFormConverter.h in Headers */ = {isa = PBXBuildFile; fileRef = 21326DC51F33B8D800AD5427 /* MTZFormConverter.h */; settings = {ATTRIBUTES = (Public, ); }; };
		21326DC81F33B8D800AD5427 /* MTZFormConverter.m in Sources */ = {isa = PBXBuildFile; fileRef = 21326DC61F33B8D800AD5427 /* MTZFormConverter.m */; };
		2138C8191F3A52D500666F4F /* MTZExpirationDatePicker.h in Headers */ = {isa = PBXBuildFile; fileRef = 2138C8171F3A52C100666F4F /* MTZExpirationDatePicker.h */; };
		2138C81A1F3A52D700666F4F /* MTZExpirationDatePicker.m in Sources */ = {isa = PBXBuildFile; fileRef = 2138C8161F3A52BD00666F4F /* MTZExpirationDatePicker.m */; };
		2167A0E61F2E59C800FF9B02 /* MTZTextFieldMasker.h in Headers */ = {isa = PBXBuildFile; fileRef = 2167A0E41F2E59C800FF9B02 /* MTZTextFieldMasker.h */; settings = {ATTRIBUTES = (Public, ); }; };
		2167A0E71F2E59C800FF9B02 /* MTZTextFieldMasker.m in Sources */ = {isa = PBXBuildFile; fileRef = 2167A0E51F2E59C800FF9B02 /* MTZTextFieldMasker.m */; };
		2167A0E91F2E59DF00FF9B02 /* MTZTextFieldMasker+Private.h in Headers */ = {isa = PBXBuildFile; fileRef = 2167A0E81F2E59DF00FF9B02 /* MTZTextFieldMasker+Private.h */; };
		216D0C8B1F37951E00A71784 /* MTZTableFormDateRow.h in Headers */ = {isa = PBXBuildFile; fileRef = 216D0C891F37951E00A71784 /* MTZTableFormDateRow.h */; settings = {ATTRIBUTES = (Public, ); }; };
		216D0C8C1F37951E00A71784 /* MTZTableFormDateRow.m in Sources */ = {isa = PBXBuildFile; fileRef = 216D0C8A1F37951E00A71784 /* MTZTableFormDateRow.m */; };
		217902EB1F09061C00009CE5 /* MTZFormField.m in Sources */ = {isa = PBXBuildFile; fileRef = 217902E51F09061C00009CE5 /* MTZFormField.m */; };
		217902EC1F09061C00009CE5 /* MTZFormObject.h in Headers */ = {isa = PBXBuildFile; fileRef = 217902E61F09061C00009CE5 /* MTZFormObject.h */; settings = {ATTRIBUTES = (Public, ); }; };
		217902ED1F09061C00009CE5 /* MTZFormEditing.h in Headers */ = {isa = PBXBuildFile; fileRef = 217902E71F09061C00009CE5 /* MTZFormEditing.h */; settings = {ATTRIBUTES = (Public, ); }; };
		217902EE1F09061C00009CE5 /* MTZModelDisplaying.h in Headers */ = {isa = PBXBuildFile; fileRef = 217902E81F09061C00009CE5 /* MTZModelDisplaying.h */; settings = {ATTRIBUTES = (Public, ); }; };
		217902EF1F09061C00009CE5 /* MTZModel.h in Headers */ = {isa = PBXBuildFile; fileRef = 217902E91F09061C00009CE5 /* MTZModel.h */; settings = {ATTRIBUTES = (Public, ); }; };
		217902F31F0906D800009CE5 /* MTZTableRow.h in Headers */ = {isa = PBXBuildFile; fileRef = 217902F11F0906D800009CE5 /* MTZTableRow.h */; settings = {ATTRIBUTES = (Public, ); }; };
		217902F41F0906D800009CE5 /* MTZTableRow.m in Sources */ = {isa = PBXBuildFile; fileRef = 217902F21F0906D800009CE5 /* MTZTableRow.m */; };
		217902F71F09080000009CE5 /* MTZTableRow+Private.h in Headers */ = {isa = PBXBuildFile; fileRef = 217902F51F09080000009CE5 /* MTZTableRow+Private.h */; };
		21A0B7F41F35D16700E8E029 /* MTZFormOption.h in Headers */ = {isa = PBXBuildFile; fileRef = 21A0B7F31F35D16700E8E029 /* MTZFormOption.h */; settings = {ATTRIBUTES = (Public, ); }; };
		21A0B7FD1F36265B00E8E029 /* UIToolbar+MTZFormInputAccessoryView.h in Headers */ = {isa = PBXBuildFile; fileRef = 21A0B7FB1F36265B00E8E029 /* UIToolbar+MTZFormInputAccessoryView.h */; };
		21A0B7FE1F36265B00E8E029 /* UIToolbar+MTZFormInputAccessoryView.m in Sources */ = {isa = PBXBuildFile; fileRef = 21A0B7FC1F36265B00E8E029 /* UIToolbar+MTZFormInputAccessoryView.m */; };
		21A7C6391F31181F00B40B6B /* MTZFormField.h in Headers */ = {isa = PBXBuildFile; fileRef = 217902EA1F09061C00009CE5 /* MTZFormField.h */; settings = {ATTRIBUTES = (Public, ); }; };
		21B35D7B1F3BAF9B006FAABD /* MTZFormUtils.h in Headers */ = {isa = PBXBuildFile; fileRef = 21B35D7A1F3BAF9B006FAABD /* MTZFormUtils.h */; };
		21BDDE551F0908FB00C9355C /* MTZTableSection.h in Headers */ = {isa = PBXBuildFile; fileRef = 21BDDE531F0908FB00C9355C /* MTZTableSection.h */; settings = {ATTRIBUTES = (Public, ); }; };
		21BDDE561F0908FB00C9355C /* MTZTableSection.m in Sources */ = {isa = PBXBuildFile; fileRef = 21BDDE541F0908FB00C9355C /* MTZTableSection.m */; };
		21BDDE581F09090400C9355C /* MTZTableSection+Private.h in Headers */ = {isa = PBXBuildFile; fileRef = 21BDDE571F09090400C9355C /* MTZTableSection+Private.h */; };
		21BDDE5C1F090D1C00C9355C /* MTZTableFormRow.h in Headers */ = {isa = PBXBuildFile; fileRef = 21BDDE5A1F090D1C00C9355C /* MTZTableFormRow.h */; settings = {ATTRIBUTES = (Public, ); }; };
		21BDDE5D1F090D1C00C9355C /* MTZTableFormRow.m in Sources */ = {isa = PBXBuildFile; fileRef = 21BDDE5B1F090D1C00C9355C /* MTZTableFormRow.m */; };
		21BDDE601F0911F800C9355C /* MTZTableData.h in Headers */ = {isa = PBXBuildFile; fileRef = 21BDDE5E1F0911F800C9355C /* MTZTableData.h */; settings = {ATTRIBUTES = (Public, ); }; };
		21BDDE611F0911F800C9355C /* MTZTableData.m in Sources */ = {isa = PBXBuildFile; fileRef = 21BDDE5F1F0911F800C9355C /* MTZTableData.m */; };
		21BDDE631F09120D00C9355C /* MTZTableData+Private.h in Headers */ = {isa = PBXBuildFile; fileRef = 21BDDE621F09120D00C9355C /* MTZTableData+Private.h */; };
		21DBF1BD1F0905EE00914532 /* MTZTableViewManager.h in Headers */ = {isa = PBXBuildFile; fileRef = 21DBF1BB1F0905EE00914532 /* MTZTableViewManager.h */; settings = {ATTRIBUTES = (Public, ); }; };
		21EC259A1F091E480066022E /* MTZTableManager.h in Headers */ = {isa = PBXBuildFile; fileRef = 21EC25981F091E480066022E /* MTZTableManager.h */; settings = {ATTRIBUTES = (Public, ); }; };
		21EC259B1F091E480066022E /* MTZTableManager.m in Sources */ = {isa = PBXBuildFile; fileRef = 21EC25991F091E480066022E /* MTZTableManager.m */; };
		21EC259E1F0924640066022E /* MTZTableFormRow+Private.h in Headers */ = {isa = PBXBuildFile; fileRef = 21EC259D1F0924640066022E /* MTZTableFormRow+Private.h */; };
/* End PBXBuildFile section */

/* Begin PBXFileReference section */
		210AA6F81F362D4300AE9C05 /* MTZInputAccessoryViewHandling.h */ = {isa = PBXFileReference; lastKnownFileType = sourcecode.c.h; path = MTZInputAccessoryViewHandling.h; sourceTree = "<group>"; };
		210AA6FB1F3633F100AE9C05 /* UIResponder+FirstResponder.h */ = {isa = PBXFileReference; lastKnownFileType = sourcecode.c.h; path = "UIResponder+FirstResponder.h"; sourceTree = "<group>"; };
		210AA6FC1F3633F100AE9C05 /* UIResponder+FirstResponder.m */ = {isa = PBXFileReference; lastKnownFileType = sourcecode.c.objc; path = "UIResponder+FirstResponder.m"; sourceTree = "<group>"; };
		210AA7001F36383000AE9C05 /* MTZTableManagerUtils.h */ = {isa = PBXFileReference; lastKnownFileType = sourcecode.c.h; path = MTZTableManagerUtils.h; sourceTree = "<group>"; };
		211F25111F311DA900B146C7 /* MTZFormValidatable.h */ = {isa = PBXFileReference; lastKnownFileType = sourcecode.c.h; path = MTZFormValidatable.h; sourceTree = "<group>"; };
		211F25131F311FAC00B146C7 /* MTZFormValidator.h */ = {isa = PBXFileReference; lastKnownFileType = sourcecode.c.h; path = MTZFormValidator.h; sourceTree = "<group>"; };
		211F25141F311FAC00B146C7 /* MTZFormValidator.m */ = {isa = PBXFileReference; lastKnownFileType = sourcecode.c.objc; path = MTZFormValidator.m; sourceTree = "<group>"; };
		21326DC51F33B8D800AD5427 /* MTZFormConverter.h */ = {isa = PBXFileReference; lastKnownFileType = sourcecode.c.h; path = MTZFormConverter.h; sourceTree = "<group>"; };
		21326DC61F33B8D800AD5427 /* MTZFormConverter.m */ = {isa = PBXFileReference; lastKnownFileType = sourcecode.c.objc; path = MTZFormConverter.m; sourceTree = "<group>"; };
		2138C8161F3A52BD00666F4F /* MTZExpirationDatePicker.m */ = {isa = PBXFileReference; lastKnownFileType = sourcecode.c.objc; name = MTZExpirationDatePicker.m; path = ../../MTZExpirationDatePicker/MTZExpirationDatePicker.m; sourceTree = "<group>"; };
		2138C8171F3A52C100666F4F /* MTZExpirationDatePicker.h */ = {isa = PBXFileReference; lastKnownFileType = sourcecode.c.h; name = MTZExpirationDatePicker.h; path = MTZExpirationDatePicker/MTZExpirationDatePicker.h; sourceTree = SOURCE_ROOT; };
		2167A0E41F2E59C800FF9B02 /* MTZTextFieldMasker.h */ = {isa = PBXFileReference; lastKnownFileType = sourcecode.c.h; path = MTZTextFieldMasker.h; sourceTree = "<group>"; };
		2167A0E51F2E59C800FF9B02 /* MTZTextFieldMasker.m */ = {isa = PBXFileReference; lastKnownFileType = sourcecode.c.objc; path = MTZTextFieldMasker.m; sourceTree = "<group>"; };
		2167A0E81F2E59DF00FF9B02 /* MTZTextFieldMasker+Private.h */ = {isa = PBXFileReference; fileEncoding = 4; lastKnownFileType = sourcecode.c.h; path = "MTZTextFieldMasker+Private.h"; sourceTree = "<group>"; };
		216D0C891F37951E00A71784 /* MTZTableFormDateRow.h */ = {isa = PBXFileReference; lastKnownFileType = sourcecode.c.h; path = MTZTableFormDateRow.h; sourceTree = "<group>"; };
		216D0C8A1F37951E00A71784 /* MTZTableFormDateRow.m */ = {isa = PBXFileReference; lastKnownFileType = sourcecode.c.objc; path = MTZTableFormDateRow.m; sourceTree = "<group>"; };
		217902E51F09061C00009CE5 /* MTZFormField.m */ = {isa = PBXFileReference; fileEncoding = 4; lastKnownFileType = sourcecode.c.objc; path = MTZFormField.m; sourceTree = "<group>"; };
		217902E61F09061C00009CE5 /* MTZFormObject.h */ = {isa = PBXFileReference; fileEncoding = 4; lastKnownFileType = sourcecode.c.h; path = MTZFormObject.h; sourceTree = "<group>"; };
		217902E71F09061C00009CE5 /* MTZFormEditing.h */ = {isa = PBXFileReference; fileEncoding = 4; lastKnownFileType = sourcecode.c.h; path = MTZFormEditing.h; sourceTree = "<group>"; };
		217902E81F09061C00009CE5 /* MTZModelDisplaying.h */ = {isa = PBXFileReference; fileEncoding = 4; lastKnownFileType = sourcecode.c.h; path = MTZModelDisplaying.h; sourceTree = "<group>"; };
		217902E91F09061C00009CE5 /* MTZModel.h */ = {isa = PBXFileReference; fileEncoding = 4; lastKnownFileType = sourcecode.c.h; path = MTZModel.h; sourceTree = "<group>"; };
		217902EA1F09061C00009CE5 /* MTZFormField.h */ = {isa = PBXFileReference; fileEncoding = 4; lastKnownFileType = sourcecode.c.h; path = MTZFormField.h; sourceTree = "<group>"; };
		217902F11F0906D800009CE5 /* MTZTableRow.h */ = {isa = PBXFileReference; lastKnownFileType = sourcecode.c.h; path = MTZTableRow.h; sourceTree = "<group>"; };
		217902F21F0906D800009CE5 /* MTZTableRow.m */ = {isa = PBXFileReference; lastKnownFileType = sourcecode.c.objc; path = MTZTableRow.m; sourceTree = "<group>"; };
		217902F51F09080000009CE5 /* MTZTableRow+Private.h */ = {isa = PBXFileReference; lastKnownFileType = sourcecode.c.h; path = "MTZTableRow+Private.h"; sourceTree = "<group>"; };
		21A0B7F31F35D16700E8E029 /* MTZFormOption.h */ = {isa = PBXFileReference; lastKnownFileType = sourcecode.c.h; path = MTZFormOption.h; sourceTree = "<group>"; };
		21A0B7FB1F36265B00E8E029 /* UIToolbar+MTZFormInputAccessoryView.h */ = {isa = PBXFileReference; lastKnownFileType = sourcecode.c.h; path = "UIToolbar+MTZFormInputAccessoryView.h"; sourceTree = "<group>"; };
		21A0B7FC1F36265B00E8E029 /* UIToolbar+MTZFormInputAccessoryView.m */ = {isa = PBXFileReference; lastKnownFileType = sourcecode.c.objc; path = "UIToolbar+MTZFormInputAccessoryView.m"; sourceTree = "<group>"; };
		21B35D7A1F3BAF9B006FAABD /* MTZFormUtils.h */ = {isa = PBXFileReference; fileEncoding = 4; lastKnownFileType = sourcecode.c.h; path = MTZFormUtils.h; sourceTree = "<group>"; };
		21BDDE531F0908FB00C9355C /* MTZTableSection.h */ = {isa = PBXFileReference; lastKnownFileType = sourcecode.c.h; path = MTZTableSection.h; sourceTree = "<group>"; };
		21BDDE541F0908FB00C9355C /* MTZTableSection.m */ = {isa = PBXFileReference; lastKnownFileType = sourcecode.c.objc; path = MTZTableSection.m; sourceTree = "<group>"; };
		21BDDE571F09090400C9355C /* MTZTableSection+Private.h */ = {isa = PBXFileReference; fileEncoding = 4; lastKnownFileType = sourcecode.c.h; path = "MTZTableSection+Private.h"; sourceTree = "<group>"; };
		21BDDE5A1F090D1C00C9355C /* MTZTableFormRow.h */ = {isa = PBXFileReference; lastKnownFileType = sourcecode.c.h; path = MTZTableFormRow.h; sourceTree = "<group>"; };
		21BDDE5B1F090D1C00C9355C /* MTZTableFormRow.m */ = {isa = PBXFileReference; lastKnownFileType = sourcecode.c.objc; path = MTZTableFormRow.m; sourceTree = "<group>"; };
		21BDDE5E1F0911F800C9355C /* MTZTableData.h */ = {isa = PBXFileReference; lastKnownFileType = sourcecode.c.h; path = MTZTableData.h; sourceTree = "<group>"; };
		21BDDE5F1F0911F800C9355C /* MTZTableData.m */ = {isa = PBXFileReference; lastKnownFileType = sourcecode.c.objc; path = MTZTableData.m; sourceTree = "<group>"; };
		21BDDE621F09120D00C9355C /* MTZTableData+Private.h */ = {isa = PBXFileReference; fileEncoding = 4; lastKnownFileType = sourcecode.c.h; path = "MTZTableData+Private.h"; sourceTree = "<group>"; };
		21DBF1B81F0905EE00914532 /* MTZTableViewManager.framework */ = {isa = PBXFileReference; explicitFileType = wrapper.framework; includeInIndex = 0; path = MTZTableViewManager.framework; sourceTree = BUILT_PRODUCTS_DIR; };
		21DBF1BB1F0905EE00914532 /* MTZTableViewManager.h */ = {isa = PBXFileReference; lastKnownFileType = sourcecode.c.h; path = MTZTableViewManager.h; sourceTree = "<group>"; };
		21DBF1BC1F0905EE00914532 /* Info.plist */ = {isa = PBXFileReference; lastKnownFileType = text.plist.xml; path = Info.plist; sourceTree = "<group>"; };
		21EC25981F091E480066022E /* MTZTableManager.h */ = {isa = PBXFileReference; lastKnownFileType = sourcecode.c.h; path = MTZTableManager.h; sourceTree = "<group>"; };
		21EC25991F091E480066022E /* MTZTableManager.m */ = {isa = PBXFileReference; lastKnownFileType = sourcecode.c.objc; path = MTZTableManager.m; sourceTree = "<group>"; };
		21EC259D1F0924640066022E /* MTZTableFormRow+Private.h */ = {isa = PBXFileReference; fileEncoding = 4; lastKnownFileType = sourcecode.c.h; path = "MTZTableFormRow+Private.h"; sourceTree = "<group>"; };
/* End PBXFileReference section */

/* Begin PBXFrameworksBuildPhase section */
		21DBF1B41F0905EE00914532 /* Frameworks */ = {
			isa = PBXFrameworksBuildPhase;
			buildActionMask = 2147483647;
			files = (
			);
			runOnlyForDeploymentPostprocessing = 0;
		};
/* End PBXFrameworksBuildPhase section */

/* Begin PBXGroup section */
		2138C8141F3A52B800666F4F /* Controls */ = {
			isa = PBXGroup;
			children = (
				2138C8171F3A52C100666F4F /* MTZExpirationDatePicker.h */,
				2138C8161F3A52BD00666F4F /* MTZExpirationDatePicker.m */,
			);
			name = Controls;
			sourceTree = "<group>";
		};
		21A0B7FF1F362BE900E8E029 /* Categories */ = {
			isa = PBXGroup;
			children = (
				210AA6FB1F3633F100AE9C05 /* UIResponder+FirstResponder.h */,
				210AA6FC1F3633F100AE9C05 /* UIResponder+FirstResponder.m */,
				21A0B7FB1F36265B00E8E029 /* UIToolbar+MTZFormInputAccessoryView.h */,
				21A0B7FC1F36265B00E8E029 /* UIToolbar+MTZFormInputAccessoryView.m */,
			);
			path = Categories;
			sourceTree = "<group>";
		};
		21BDDE591F090D0000C9355C /* Protocols */ = {
			isa = PBXGroup;
			children = (
				217902E91F09061C00009CE5 /* MTZModel.h */,
				217902E81F09061C00009CE5 /* MTZModelDisplaying.h */,
			);
			path = Protocols;
			sourceTree = "<group>";
		};
		21BDDE641F09170800C9355C /* Resources */ = {
			isa = PBXGroup;
			children = (
				21DBF1BB1F0905EE00914532 /* MTZTableViewManager.h */,
				210AA7001F36383000AE9C05 /* MTZTableManagerUtils.h */,
				21B35D7A1F3BAF9B006FAABD /* MTZFormUtils.h */,
				21DBF1BC1F0905EE00914532 /* Info.plist */,
			);
			path = Resources;
			sourceTree = "<group>";
		};
		21DBF1AE1F0905EE00914532 = {
			isa = PBXGroup;
			children = (
				21DBF1BA1F0905EE00914532 /* MTZTableViewManager */,
				21DBF1B91F0905EE00914532 /* Products */,
			);
			sourceTree = "<group>";
		};
		21DBF1B91F0905EE00914532 /* Products */ = {
			isa = PBXGroup;
			children = (
				21DBF1B81F0905EE00914532 /* MTZTableViewManager.framework */,
			);
			name = Products;
			sourceTree = "<group>";
		};
		21DBF1BA1F0905EE00914532 /* MTZTableViewManager */ = {
			isa = PBXGroup;
			children = (
				21A0B7FF1F362BE900E8E029 /* Categories */,
				43F1B8521F2F40D700BC1FFE /* Forms */,
				21BDDE591F090D0000C9355C /* Protocols */,
				21BDDE641F09170800C9355C /* Resources */,
				21EC25981F091E480066022E /* MTZTableManager.h */,
				21EC25991F091E480066022E /* MTZTableManager.m */,
				21BDDE5E1F0911F800C9355C /* MTZTableData.h */,
				21BDDE621F09120D00C9355C /* MTZTableData+Private.h */,
				21BDDE5F1F0911F800C9355C /* MTZTableData.m */,
				21BDDE531F0908FB00C9355C /* MTZTableSection.h */,
				21BDDE571F09090400C9355C /* MTZTableSection+Private.h */,
				21BDDE541F0908FB00C9355C /* MTZTableSection.m */,
				217902F11F0906D800009CE5 /* MTZTableRow.h */,
				217902F51F09080000009CE5 /* MTZTableRow+Private.h */,
				217902F21F0906D800009CE5 /* MTZTableRow.m */,
			);
			path = MTZTableViewManager;
			sourceTree = "<group>";
		};
		43F1B8521F2F40D700BC1FFE /* Forms */ = {
			isa = PBXGroup;
			children = (
				2138C8141F3A52B800666F4F /* Controls */,
				43F1B8531F2F40EB00BC1FFE /* Protocols */,
				21326DC51F33B8D800AD5427 /* MTZFormConverter.h */,
				21326DC61F33B8D800AD5427 /* MTZFormConverter.m */,
				211F25131F311FAC00B146C7 /* MTZFormValidator.h */,
				211F25141F311FAC00B146C7 /* MTZFormValidator.m */,
				21BDDE5A1F090D1C00C9355C /* MTZTableFormRow.h */,
				21EC259D1F0924640066022E /* MTZTableFormRow+Private.h */,
				21BDDE5B1F090D1C00C9355C /* MTZTableFormRow.m */,
				216D0C891F37951E00A71784 /* MTZTableFormDateRow.h */,
				216D0C8A1F37951E00A71784 /* MTZTableFormDateRow.m */,
				2167A0E41F2E59C800FF9B02 /* MTZTextFieldMasker.h */,
				2167A0E81F2E59DF00FF9B02 /* MTZTextFieldMasker+Private.h */,
				2167A0E51F2E59C800FF9B02 /* MTZTextFieldMasker.m */,
			);
			path = Forms;
			sourceTree = "<group>";
		};
		43F1B8531F2F40EB00BC1FFE /* Protocols */ = {
			isa = PBXGroup;
			children = (
				217902E61F09061C00009CE5 /* MTZFormObject.h */,
				217902E71F09061C00009CE5 /* MTZFormEditing.h */,
				217902EA1F09061C00009CE5 /* MTZFormField.h */,
				217902E51F09061C00009CE5 /* MTZFormField.m */,
				211F25111F311DA900B146C7 /* MTZFormValidatable.h */,
				21A0B7F31F35D16700E8E029 /* MTZFormOption.h */,
				210AA6F81F362D4300AE9C05 /* MTZInputAccessoryViewHandling.h */,
			);
			path = Protocols;
			sourceTree = "<group>";
		};
/* End PBXGroup section */

/* Begin PBXHeadersBuildPhase section */
		21DBF1B51F0905EE00914532 /* Headers */ = {
			isa = PBXHeadersBuildPhase;
			buildActionMask = 2147483647;
			files = (
				21EC259A1F091E480066022E /* MTZTableManager.h in Headers */,
				2138C8191F3A52D500666F4F /* MTZExpirationDatePicker.h in Headers */,
				2167A0E91F2E59DF00FF9B02 /* MTZTextFieldMasker+Private.h in Headers */,
				21DBF1BD1F0905EE00914532 /* MTZTableViewManager.h in Headers */,
				217902EC1F09061C00009CE5 /* MTZFormObject.h in Headers */,
				21EC259E1F0924640066022E /* MTZTableFormRow+Private.h in Headers */,
				21A0B7FD1F36265B00E8E029 /* UIToolbar+MTZFormInputAccessoryView.h in Headers */,
				21BDDE581F09090400C9355C /* MTZTableSection+Private.h in Headers */,
				210AA6FD1F3633F100AE9C05 /* UIResponder+FirstResponder.h in Headers */,
				211F25121F311DA900B146C7 /* MTZFormValidatable.h in Headers */,
				217902EE1F09061C00009CE5 /* MTZModelDisplaying.h in Headers */,
				216D0C8B1F37951E00A71784 /* MTZTableFormDateRow.h in Headers */,
				21A7C6391F31181F00B40B6B /* MTZFormField.h in Headers */,
				21BDDE551F0908FB00C9355C /* MTZTableSection.h in Headers */,
				21A0B7F41F35D16700E8E029 /* MTZFormOption.h in Headers */,
				21BDDE601F0911F800C9355C /* MTZTableData.h in Headers */,
				21326DC71F33B8D800AD5427 /* MTZFormConverter.h in Headers */,
				21BDDE5C1F090D1C00C9355C /* MTZTableFormRow.h in Headers */,
				210AA7011F36383000AE9C05 /* MTZTableManagerUtils.h in Headers */,
				210AA6F91F362D4300AE9C05 /* MTZInputAccessoryViewHandling.h in Headers */,
				21BDDE631F09120D00C9355C /* MTZTableData+Private.h in Headers */,
				21B35D7B1F3BAF9B006FAABD /* MTZFormUtils.h in Headers */,
				2167A0E61F2E59C800FF9B02 /* MTZTextFieldMasker.h in Headers */,
				217902F71F09080000009CE5 /* MTZTableRow+Private.h in Headers */,
				211F25151F311FAC00B146C7 /* MTZFormValidator.h in Headers */,
				217902F31F0906D800009CE5 /* MTZTableRow.h in Headers */,
				217902EF1F09061C00009CE5 /* MTZModel.h in Headers */,
				217902ED1F09061C00009CE5 /* MTZFormEditing.h in Headers */,
			);
			runOnlyForDeploymentPostprocessing = 0;
		};
/* End PBXHeadersBuildPhase section */

/* Begin PBXNativeTarget section */
		21DBF1B71F0905EE00914532 /* MTZTableViewManager */ = {
			isa = PBXNativeTarget;
			buildConfigurationList = 21DBF1C01F0905EE00914532 /* Build configuration list for PBXNativeTarget "MTZTableViewManager" */;
			buildPhases = (
				21DBF1B31F0905EE00914532 /* Sources */,
				21DBF1B41F0905EE00914532 /* Frameworks */,
				21DBF1B51F0905EE00914532 /* Headers */,
				21DBF1B61F0905EE00914532 /* Resources */,
			);
			buildRules = (
			);
			dependencies = (
			);
			name = MTZTableViewManager;
			productName = MTZTableViewManagerV2;
			productReference = 21DBF1B81F0905EE00914532 /* MTZTableViewManager.framework */;
			productType = "com.apple.product-type.framework";
		};
/* End PBXNativeTarget section */

/* Begin PBXProject section */
		21DBF1AF1F0905EE00914532 /* Project object */ = {
			isa = PBXProject;
			attributes = {
				LastUpgradeCheck = 0900;
				ORGANIZATIONNAME = Zaquia;
				TargetAttributes = {
					21DBF1B71F0905EE00914532 = {
						CreatedOnToolsVersion = 9.0;
					};
				};
			};
			buildConfigurationList = 21DBF1B21F0905EE00914532 /* Build configuration list for PBXProject "MTZTableViewManager" */;
			compatibilityVersion = "Xcode 8.0";
			developmentRegion = en;
			hasScannedForEncodings = 0;
			knownRegions = (
				en,
			);
			mainGroup = 21DBF1AE1F0905EE00914532;
			productRefGroup = 21DBF1B91F0905EE00914532 /* Products */;
			projectDirPath = "";
			projectRoot = "";
			targets = (
				21DBF1B71F0905EE00914532 /* MTZTableViewManager */,
			);
		};
/* End PBXProject section */

/* Begin PBXResourcesBuildPhase section */
		21DBF1B61F0905EE00914532 /* Resources */ = {
			isa = PBXResourcesBuildPhase;
			buildActionMask = 2147483647;
			files = (
			);
			runOnlyForDeploymentPostprocessing = 0;
		};
/* End PBXResourcesBuildPhase section */

/* Begin PBXSourcesBuildPhase section */
		21DBF1B31F0905EE00914532 /* Sources */ = {
			isa = PBXSourcesBuildPhase;
			buildActionMask = 2147483647;
			files = (
				21A0B7FE1F36265B00E8E029 /* UIToolbar+MTZFormInputAccessoryView.m in Sources */,
				21BDDE561F0908FB00C9355C /* MTZTableSection.m in Sources */,
				217902EB1F09061C00009CE5 /* MTZFormField.m in Sources */,
				211F25161F311FAC00B146C7 /* MTZFormValidator.m in Sources */,
				21326DC81F33B8D800AD5427 /* MTZFormConverter.m in Sources */,
				2167A0E71F2E59C800FF9B02 /* MTZTextFieldMasker.m in Sources */,
				217902F41F0906D800009CE5 /* MTZTableRow.m in Sources */,
				21BDDE5D1F090D1C00C9355C /* MTZTableFormRow.m in Sources */,
				21EC259B1F091E480066022E /* MTZTableManager.m in Sources */,
				216D0C8C1F37951E00A71784 /* MTZTableFormDateRow.m in Sources */,
				2138C81A1F3A52D700666F4F /* MTZExpirationDatePicker.m in Sources */,
				21BDDE611F0911F800C9355C /* MTZTableData.m in Sources */,
				210AA6FE1F3633F100AE9C05 /* UIResponder+FirstResponder.m in Sources */,
			);
			runOnlyForDeploymentPostprocessing = 0;
		};
/* End PBXSourcesBuildPhase section */

/* Begin XCBuildConfiguration section */
		21DBF1BE1F0905EE00914532 /* Debug */ = {
			isa = XCBuildConfiguration;
			buildSettings = {
				ALWAYS_SEARCH_USER_PATHS = NO;
				CLANG_ANALYZER_NONNULL = YES;
				CLANG_ANALYZER_NUMBER_OBJECT_CONVERSION = YES_AGGRESSIVE;
				CLANG_CXX_LANGUAGE_STANDARD = "gnu++14";
				CLANG_CXX_LIBRARY = "libc++";
				CLANG_ENABLE_MODULES = YES;
				CLANG_ENABLE_OBJC_ARC = YES;
				CLANG_WARN_BLOCK_CAPTURE_AUTORELEASING = YES;
				CLANG_WARN_BOOL_CONVERSION = YES;
				CLANG_WARN_COMMA = YES;
				CLANG_WARN_CONSTANT_CONVERSION = YES;
				CLANG_WARN_DIRECT_OBJC_ISA_USAGE = YES_ERROR;
				CLANG_WARN_DOCUMENTATION_COMMENTS = YES;
				CLANG_WARN_EMPTY_BODY = YES;
				CLANG_WARN_ENUM_CONVERSION = YES;
				CLANG_WARN_INFINITE_RECURSION = YES;
				CLANG_WARN_INT_CONVERSION = YES;
				CLANG_WARN_OBJC_ROOT_CLASS = YES_ERROR;
				CLANG_WARN_RANGE_LOOP_ANALYSIS = YES;
				CLANG_WARN_STRICT_PROTOTYPES = YES;
				CLANG_WARN_SUSPICIOUS_MOVE = YES;
				CLANG_WARN_UNGUARDED_AVAILABILITY = YES_AGGRESSIVE;
				CLANG_WARN_UNREACHABLE_CODE = YES;
				CLANG_WARN__DUPLICATE_METHOD_MATCH = YES;
				CODE_SIGN_IDENTITY = "iPhone Developer";
				COPY_PHASE_STRIP = NO;
				CURRENT_PROJECT_VERSION = 1;
				DEBUG_INFORMATION_FORMAT = dwarf;
				ENABLE_STRICT_OBJC_MSGSEND = YES;
				ENABLE_TESTABILITY = YES;
				GCC_C_LANGUAGE_STANDARD = gnu11;
				GCC_DYNAMIC_NO_PIC = NO;
				GCC_NO_COMMON_BLOCKS = YES;
				GCC_OPTIMIZATION_LEVEL = 0;
				GCC_PREPROCESSOR_DEFINITIONS = (
					"DEBUG=1",
					"$(inherited)",
				);
				GCC_WARN_64_TO_32_BIT_CONVERSION = YES;
				GCC_WARN_ABOUT_RETURN_TYPE = YES_ERROR;
				GCC_WARN_UNDECLARED_SELECTOR = YES;
				GCC_WARN_UNINITIALIZED_AUTOS = YES_AGGRESSIVE;
				GCC_WARN_UNUSED_FUNCTION = YES;
				GCC_WARN_UNUSED_VARIABLE = YES;
				IPHONEOS_DEPLOYMENT_TARGET = 11.0;
				MTL_ENABLE_DEBUG_INFO = YES;
				ONLY_ACTIVE_ARCH = YES;
				SDKROOT = iphoneos;
				VERSIONING_SYSTEM = "apple-generic";
				VERSION_INFO_PREFIX = "";
			};
			name = Debug;
		};
		21DBF1BF1F0905EE00914532 /* Release */ = {
			isa = XCBuildConfiguration;
			buildSettings = {
				ALWAYS_SEARCH_USER_PATHS = NO;
				CLANG_ANALYZER_NONNULL = YES;
				CLANG_ANALYZER_NUMBER_OBJECT_CONVERSION = YES_AGGRESSIVE;
				CLANG_CXX_LANGUAGE_STANDARD = "gnu++14";
				CLANG_CXX_LIBRARY = "libc++";
				CLANG_ENABLE_MODULES = YES;
				CLANG_ENABLE_OBJC_ARC = YES;
				CLANG_WARN_BLOCK_CAPTURE_AUTORELEASING = YES;
				CLANG_WARN_BOOL_CONVERSION = YES;
				CLANG_WARN_COMMA = YES;
				CLANG_WARN_CONSTANT_CONVERSION = YES;
				CLANG_WARN_DIRECT_OBJC_ISA_USAGE = YES_ERROR;
				CLANG_WARN_DOCUMENTATION_COMMENTS = YES;
				CLANG_WARN_EMPTY_BODY = YES;
				CLANG_WARN_ENUM_CONVERSION = YES;
				CLANG_WARN_INFINITE_RECURSION = YES;
				CLANG_WARN_INT_CONVERSION = YES;
				CLANG_WARN_OBJC_ROOT_CLASS = YES_ERROR;
				CLANG_WARN_RANGE_LOOP_ANALYSIS = YES;
				CLANG_WARN_STRICT_PROTOTYPES = YES;
				CLANG_WARN_SUSPICIOUS_MOVE = YES;
				CLANG_WARN_UNGUARDED_AVAILABILITY = YES_AGGRESSIVE;
				CLANG_WARN_UNREACHABLE_CODE = YES;
				CLANG_WARN__DUPLICATE_METHOD_MATCH = YES;
				CODE_SIGN_IDENTITY = "iPhone Developer";
				COPY_PHASE_STRIP = NO;
				CURRENT_PROJECT_VERSION = 1;
				DEBUG_INFORMATION_FORMAT = "dwarf-with-dsym";
				ENABLE_NS_ASSERTIONS = NO;
				ENABLE_STRICT_OBJC_MSGSEND = YES;
				GCC_C_LANGUAGE_STANDARD = gnu11;
				GCC_NO_COMMON_BLOCKS = YES;
				GCC_WARN_64_TO_32_BIT_CONVERSION = YES;
				GCC_WARN_ABOUT_RETURN_TYPE = YES_ERROR;
				GCC_WARN_UNDECLARED_SELECTOR = YES;
				GCC_WARN_UNINITIALIZED_AUTOS = YES_AGGRESSIVE;
				GCC_WARN_UNUSED_FUNCTION = YES;
				GCC_WARN_UNUSED_VARIABLE = YES;
				IPHONEOS_DEPLOYMENT_TARGET = 11.0;
				MTL_ENABLE_DEBUG_INFO = NO;
				SDKROOT = iphoneos;
				VALIDATE_PRODUCT = YES;
				VERSIONING_SYSTEM = "apple-generic";
				VERSION_INFO_PREFIX = "";
			};
			name = Release;
		};
		21DBF1C11F0905EE00914532 /* Debug */ = {
			isa = XCBuildConfiguration;
			buildSettings = {
				CODE_SIGN_IDENTITY = "";
				DEFINES_MODULE = YES;
				DEVELOPMENT_TEAM = B8LSZ6ELYH;
				DYLIB_COMPATIBILITY_VERSION = 1;
				DYLIB_CURRENT_VERSION = 1;
				DYLIB_INSTALL_NAME_BASE = "@rpath";
				INFOPLIST_FILE = "$(SRCROOT)/MTZTableViewManager/Resources/Info.plist";
				INSTALL_PATH = "$(LOCAL_LIBRARY_DIR)/Frameworks";
				LD_RUNPATH_SEARCH_PATHS = "$(inherited) @executable_path/Frameworks @loader_path/Frameworks";
				PRODUCT_BUNDLE_IDENTIFIER = com.zaquia.MTZTableViewManager;
				PRODUCT_NAME = "$(TARGET_NAME:c99extidentifier)";
				SKIP_INSTALL = YES;
				TARGETED_DEVICE_FAMILY = "1,2";
			};
			name = Debug;
		};
		21DBF1C21F0905EE00914532 /* Release */ = {
			isa = XCBuildConfiguration;
			buildSettings = {
				CODE_SIGN_IDENTITY = "";
				DEFINES_MODULE = YES;
				DEVELOPMENT_TEAM = B8LSZ6ELYH;
				DYLIB_COMPATIBILITY_VERSION = 1;
				DYLIB_CURRENT_VERSION = 1;
				DYLIB_INSTALL_NAME_BASE = "@rpath";
				INFOPLIST_FILE = "$(SRCROOT)/MTZTableViewManager/Resources/Info.plist";
				INSTALL_PATH = "$(LOCAL_LIBRARY_DIR)/Frameworks";
				LD_RUNPATH_SEARCH_PATHS = "$(inherited) @executable_path/Frameworks @loader_path/Frameworks";
				PRODUCT_BUNDLE_IDENTIFIER = com.zaquia.MTZTableViewManager;
				PRODUCT_NAME = "$(TARGET_NAME:c99extidentifier)";
				SKIP_INSTALL = YES;
				TARGETED_DEVICE_FAMILY = "1,2";
			};
			name = Release;
		};
/* End XCBuildConfiguration section */

/* Begin XCConfigurationList section */
		21DBF1B21F0905EE00914532 /* Build configuration list for PBXProject "MTZTableViewManager" */ = {
			isa = XCConfigurationList;
			buildConfigurations = (
				21DBF1BE1F0905EE00914532 /* Debug */,
				21DBF1BF1F0905EE00914532 /* Release */,
			);
			defaultConfigurationIsVisible = 0;
			defaultConfigurationName = Release;
		};
		21DBF1C01F0905EE00914532 /* Build configuration list for PBXNativeTarget "MTZTableViewManager" */ = {
			isa = XCConfigurationList;
			buildConfigurations = (
				21DBF1C11F0905EE00914532 /* Debug */,
				21DBF1C21F0905EE00914532 /* Release */,
			);
			defaultConfigurationIsVisible = 0;
			defaultConfigurationName = Release;
		};
/* End XCConfigurationList section */
	};
	rootObject = 21DBF1AF1F0905EE00914532 /* Project object */;
}
